
Microsoft Visual Studio Solution File, Format Version 12.00
# Visual Studio Version 17
VisualStudioVersion = 17.13.35931.197
MinimumVisualStudioVersion = 10.0.40219.1
Project("{FAE04EC0-301F-11D3-BF4B-00C04F79EFBC}") = "bntuapplicants-backend", "bntuapplicants-backend\bntuapplicants-backend.csproj", "{9BF7C922-A1E5-4166-9134-0748B6EFA41C}"
EndProject
Global
	GlobalSection(SolutionConfigurationPlatforms) = preSolution
		Debug|Any CPU = Debug|Any CPU
		Release|Any CPU = Release|Any CPU
	EndGlobalSection
	GlobalSection(ProjectConfigurationPlatforms) = postSolution
		{9BF7C922-A1E5-4166-9134-0748B6EFA41C}.Debug|Any CPU.ActiveCfg = Debug|Any CPU
		{9BF7C922-A1E5-4166-9134-0748B6EFA41C}.Debug|Any CPU.Build.0 = Debug|Any CPU
		{9BF7C922-A1E5-4166-9134-0748B6EFA41C}.Release|Any CPU.ActiveCfg = Release|Any CPU
		{9BF7C922-A1E5-4166-9134-0748B6EFA41C}.Release|Any CPU.Build.0 = Release|Any CPU
	EndGlobalSection
	GlobalSection(SolutionProperties) = preSolution
		HideSolutionNode = FALSE
	EndGlobalSection
	GlobalSection(ExtensibilityGlobals) = postSolution
		SolutionGuid = {F7EC9DE4-0E85-47A4-B040-DFBC76154ACC}
	EndGlobalSection
EndGlobal
